
Microsoft Visual Studio Solution File, Format Version 12.00
# Visual Studio 15
VisualStudioVersion = 15.0.26124.0
MinimumVisualStudioVersion = 15.0.26124.0
Project("{2150E333-8FDC-42A3-9474-1A3956D46DE8}") = "Code", "Code", "{F87DC289-C4C5-49A0-825E-71E64743216A}"
EndProject
Project("{FAE04EC0-301F-11D3-BF4B-00C04F79EFBC}") = "hexawware.Api", "Code\hexawware.Api\hexawware.Api.csproj", "{DE0EFA78-D9F1-476A-873B-448BF4162FA2}"
EndProject
Project("{FAE04EC0-301F-11D3-BF4B-00C04F79EFBC}") = "hexawware.Business", "Code\hexawware.Business\hexawware.Business.csproj", "{BF08279B-ABA1-4A6A-8755-E29DED10CFEA}"
EndProject
Project("{FAE04EC0-301F-11D3-BF4B-00C04F79EFBC}") = "hexawware.Data", "Code\hexawware.Data\hexawware.Data.csproj", "{94073BD3-E6B7-40C8-BD0D-4A2EBCDAAD2E}"
EndProject
Project("{FAE04EC0-301F-11D3-BF4B-00C04F79EFBC}") = "hexawware.Entities", "Code\hexawware.Entities\hexawware.Entities.csproj", "{5122811F-460C-41CD-B2C1-F60478B0597E}"
EndProject
Project("{FAE04EC0-301F-11D3-BF4B-00C04F79EFBC}") = "hexawware.Test.Api", "Code\hexawware.Test.Api\hexawware.Test.Api.csproj", "{88209B2B-84F6-4B9A-9804-AA37979B7F20}"
EndProject
Project("{FAE04EC0-301F-11D3-BF4B-00C04F79EFBC}") = "hexawware.Test.Business", "Code\hexawware.Test.Business\hexawware.Test.Business.csproj", "{4F46970F-76DE-45EF-882E-DB956907AE9B}"
EndProject
Project("{FAE04EC0-301F-11D3-BF4B-00C04F79EFBC}") = "hexawware.Test.Framework", "Code\hexawware.Test.Framework\hexawware.Test.Framework.csproj", "{BE82CEE0-F39C-48C1-A4DB-AABB7CFD1364}"
EndProject
Project("{2150E333-8FDC-42A3-9474-1A3956D46DE8}") = "Test", "Test", "{D10473DF-97C6-44F9-8B79-9DD120ED9157}"
EndProject
Global
	GlobalSection(SolutionConfigurationPlatforms) = preSolution
		Debug|Any CPU = Debug|Any CPU
		Debug|x64 = Debug|x64
		Debug|x86 = Debug|x86
		Release|Any CPU = Release|Any CPU
		Release|x64 = Release|x64
		Release|x86 = Release|x86
	EndGlobalSection
	GlobalSection(SolutionProperties) = preSolution
		HideSolutionNode = FALSE
	EndGlobalSection
	GlobalSection(ProjectConfigurationPlatforms) = postSolution
		{DE0EFA78-D9F1-476A-873B-448BF4162FA2}.Debug|Any CPU.ActiveCfg = Debug|Any CPU
		{DE0EFA78-D9F1-476A-873B-448BF4162FA2}.Debug|Any CPU.Build.0 = Debug|Any CPU
		{DE0EFA78-D9F1-476A-873B-448BF4162FA2}.Debug|x64.ActiveCfg = Debug|Any CPU
		{DE0EFA78-D9F1-476A-873B-448BF4162FA2}.Debug|x64.Build.0 = Debug|Any CPU
		{DE0EFA78-D9F1-476A-873B-448BF4162FA2}.Debug|x86.ActiveCfg = Debug|Any CPU
		{DE0EFA78-D9F1-476A-873B-448BF4162FA2}.Debug|x86.Build.0 = Debug|Any CPU
		{DE0EFA78-D9F1-476A-873B-448BF4162FA2}.Release|Any CPU.ActiveCfg = Release|Any CPU
		{DE0EFA78-D9F1-476A-873B-448BF4162FA2}.Release|Any CPU.Build.0 = Release|Any CPU
		{DE0EFA78-D9F1-476A-873B-448BF4162FA2}.Release|x64.ActiveCfg = Release|Any CPU
		{DE0EFA78-D9F1-476A-873B-448BF4162FA2}.Release|x64.Build.0 = Release|Any CPU
		{DE0EFA78-D9F1-476A-873B-448BF4162FA2}.Release|x86.ActiveCfg = Release|Any CPU
		{DE0EFA78-D9F1-476A-873B-448BF4162FA2}.Release|x86.Build.0 = Release|Any CPU
		{BF08279B-ABA1-4A6A-8755-E29DED10CFEA}.Debug|Any CPU.ActiveCfg = Debug|Any CPU
		{BF08279B-ABA1-4A6A-8755-E29DED10CFEA}.Debug|Any CPU.Build.0 = Debug|Any CPU
		{BF08279B-ABA1-4A6A-8755-E29DED10CFEA}.Debug|x64.ActiveCfg = Debug|Any CPU
		{BF08279B-ABA1-4A6A-8755-E29DED10CFEA}.Debug|x64.Build.0 = Debug|Any CPU
		{BF08279B-ABA1-4A6A-8755-E29DED10CFEA}.Debug|x86.ActiveCfg = Debug|Any CPU
		{BF08279B-ABA1-4A6A-8755-E29DED10CFEA}.Debug|x86.Build.0 = Debug|Any CPU
		{BF08279B-ABA1-4A6A-8755-E29DED10CFEA}.Release|Any CPU.ActiveCfg = Release|Any CPU
		{BF08279B-ABA1-4A6A-8755-E29DED10CFEA}.Release|Any CPU.Build.0 = Release|Any CPU
		{BF08279B-ABA1-4A6A-8755-E29DED10CFEA}.Release|x64.ActiveCfg = Release|Any CPU
		{BF08279B-ABA1-4A6A-8755-E29DED10CFEA}.Release|x64.Build.0 = Release|Any CPU
		{BF08279B-ABA1-4A6A-8755-E29DED10CFEA}.Release|x86.ActiveCfg = Release|Any CPU
		{BF08279B-ABA1-4A6A-8755-E29DED10CFEA}.Release|x86.Build.0 = Release|Any CPU
		{94073BD3-E6B7-40C8-BD0D-4A2EBCDAAD2E}.Debug|Any CPU.ActiveCfg = Debug|Any CPU
		{94073BD3-E6B7-40C8-BD0D-4A2EBCDAAD2E}.Debug|Any CPU.Build.0 = Debug|Any CPU
		{94073BD3-E6B7-40C8-BD0D-4A2EBCDAAD2E}.Debug|x64.ActiveCfg = Debug|Any CPU
		{94073BD3-E6B7-40C8-BD0D-4A2EBCDAAD2E}.Debug|x64.Build.0 = Debug|Any CPU
		{94073BD3-E6B7-40C8-BD0D-4A2EBCDAAD2E}.Debug|x86.ActiveCfg = Debug|Any CPU
		{94073BD3-E6B7-40C8-BD0D-4A2EBCDAAD2E}.Debug|x86.Build.0 = Debug|Any CPU
		{94073BD3-E6B7-40C8-BD0D-4A2EBCDAAD2E}.Release|Any CPU.ActiveCfg = Release|Any CPU
		{94073BD3-E6B7-40C8-BD0D-4A2EBCDAAD2E}.Release|Any CPU.Build.0 = Release|Any CPU
		{94073BD3-E6B7-40C8-BD0D-4A2EBCDAAD2E}.Release|x64.ActiveCfg = Release|Any CPU
		{94073BD3-E6B7-40C8-BD0D-4A2EBCDAAD2E}.Release|x64.Build.0 = Release|Any CPU
		{94073BD3-E6B7-40C8-BD0D-4A2EBCDAAD2E}.Release|x86.ActiveCfg = Release|Any CPU
		{94073BD3-E6B7-40C8-BD0D-4A2EBCDAAD2E}.Release|x86.Build.0 = Release|Any CPU
		{5122811F-460C-41CD-B2C1-F60478B0597E}.Debug|Any CPU.ActiveCfg = Debug|Any CPU
		{5122811F-460C-41CD-B2C1-F60478B0597E}.Debug|Any CPU.Build.0 = Debug|Any CPU
		{5122811F-460C-41CD-B2C1-F60478B0597E}.Debug|x64.ActiveCfg = Debug|Any CPU
		{5122811F-460C-41CD-B2C1-F60478B0597E}.Debug|x64.Build.0 = Debug|Any CPU
		{5122811F-460C-41CD-B2C1-F60478B0597E}.Debug|x86.ActiveCfg = Debug|Any CPU
		{5122811F-460C-41CD-B2C1-F60478B0597E}.Debug|x86.Build.0 = Debug|Any CPU
		{5122811F-460C-41CD-B2C1-F60478B0597E}.Release|Any CPU.ActiveCfg = Release|Any CPU
		{5122811F-460C-41CD-B2C1-F60478B0597E}.Release|Any CPU.Build.0 = Release|Any CPU
		{5122811F-460C-41CD-B2C1-F60478B0597E}.Release|x64.ActiveCfg = Release|Any CPU
		{5122811F-460C-41CD-B2C1-F60478B0597E}.Release|x64.Build.0 = Release|Any CPU
		{5122811F-460C-41CD-B2C1-F60478B0597E}.Release|x86.ActiveCfg = Release|Any CPU
		{5122811F-460C-41CD-B2C1-F60478B0597E}.Release|x86.Build.0 = Release|Any CPU
		{88209B2B-84F6-4B9A-9804-AA37979B7F20}.Debug|Any CPU.ActiveCfg = Debug|Any CPU
		{88209B2B-84F6-4B9A-9804-AA37979B7F20}.Debug|Any CPU.Build.0 = Debug|Any CPU
		{88209B2B-84F6-4B9A-9804-AA37979B7F20}.Debug|x64.ActiveCfg = Debug|Any CPU
		{88209B2B-84F6-4B9A-9804-AA37979B7F20}.Debug|x64.Build.0 = Debug|Any CPU
		{88209B2B-84F6-4B9A-9804-AA37979B7F20}.Debug|x86.ActiveCfg = Debug|Any CPU
		{88209B2B-84F6-4B9A-9804-AA37979B7F20}.Debug|x86.Build.0 = Debug|Any CPU
		{88209B2B-84F6-4B9A-9804-AA37979B7F20}.Release|Any CPU.ActiveCfg = Release|Any CPU
		{88209B2B-84F6-4B9A-9804-AA37979B7F20}.Release|Any CPU.Build.0 = Release|Any CPU
		{88209B2B-84F6-4B9A-9804-AA37979B7F20}.Release|x64.ActiveCfg = Release|Any CPU
		{88209B2B-84F6-4B9A-9804-AA37979B7F20}.Release|x64.Build.0 = Release|Any CPU
		{88209B2B-84F6-4B9A-9804-AA37979B7F20}.Release|x86.ActiveCfg = Release|Any CPU
		{88209B2B-84F6-4B9A-9804-AA37979B7F20}.Release|x86.Build.0 = Release|Any CPU
		{4F46970F-76DE-45EF-882E-DB956907AE9B}.Debug|Any CPU.ActiveCfg = Debug|Any CPU
		{4F46970F-76DE-45EF-882E-DB956907AE9B}.Debug|Any CPU.Build.0 = Debug|Any CPU
		{4F46970F-76DE-45EF-882E-DB956907AE9B}.Debug|x64.ActiveCfg = Debug|Any CPU
		{4F46970F-76DE-45EF-882E-DB956907AE9B}.Debug|x64.Build.0 = Debug|Any CPU
		{4F46970F-76DE-45EF-882E-DB956907AE9B}.Debug|x86.ActiveCfg = Debug|Any CPU
		{4F46970F-76DE-45EF-882E-DB956907AE9B}.Debug|x86.Build.0 = Debug|Any CPU
		{4F46970F-76DE-45EF-882E-DB956907AE9B}.Release|Any CPU.ActiveCfg = Release|Any CPU
		{4F46970F-76DE-45EF-882E-DB956907AE9B}.Release|Any CPU.Build.0 = Release|Any CPU
		{4F46970F-76DE-45EF-882E-DB956907AE9B}.Release|x64.ActiveCfg = Release|Any CPU
		{4F46970F-76DE-45EF-882E-DB956907AE9B}.Release|x64.Build.0 = Release|Any CPU
		{4F46970F-76DE-45EF-882E-DB956907AE9B}.Release|x86.ActiveCfg = Release|Any CPU
		{4F46970F-76DE-45EF-882E-DB956907AE9B}.Release|x86.Build.0 = Release|Any CPU
		{BE82CEE0-F39C-48C1-A4DB-AABB7CFD1364}.Debug|Any CPU.ActiveCfg = Debug|Any CPU
		{BE82CEE0-F39C-48C1-A4DB-AABB7CFD1364}.Debug|Any CPU.Build.0 = Debug|Any CPU
		{BE82CEE0-F39C-48C1-A4DB-AABB7CFD1364}.Debug|x64.ActiveCfg = Debug|Any CPU
		{BE82CEE0-F39C-48C1-A4DB-AABB7CFD1364}.Debug|x64.Build.0 = Debug|Any CPU
		{BE82CEE0-F39C-48C1-A4DB-AABB7CFD1364}.Debug|x86.ActiveCfg = Debug|Any CPU
		{BE82CEE0-F39C-48C1-A4DB-AABB7CFD1364}.Debug|x86.Build.0 = Debug|Any CPU
		{BE82CEE0-F39C-48C1-A4DB-AABB7CFD1364}.Release|Any CPU.ActiveCfg = Release|Any CPU
		{BE82CEE0-F39C-48C1-A4DB-AABB7CFD1364}.Release|Any CPU.Build.0 = Release|Any CPU
		{BE82CEE0-F39C-48C1-A4DB-AABB7CFD1364}.Release|x64.ActiveCfg = Release|Any CPU
		{BE82CEE0-F39C-48C1-A4DB-AABB7CFD1364}.Release|x64.Build.0 = Release|Any CPU
		{BE82CEE0-F39C-48C1-A4DB-AABB7CFD1364}.Release|x86.ActiveCfg = Release|Any CPU
		{BE82CEE0-F39C-48C1-A4DB-AABB7CFD1364}.Release|x86.Build.0 = Release|Any CPU
	EndGlobalSection
	GlobalSection(NestedProjects) = preSolution
		{DE0EFA78-D9F1-476A-873B-448BF4162FA2} = {F87DC289-C4C5-49A0-825E-71E64743216A}
		{BF08279B-ABA1-4A6A-8755-E29DED10CFEA} = {F87DC289-C4C5-49A0-825E-71E64743216A}
		{94073BD3-E6B7-40C8-BD0D-4A2EBCDAAD2E} = {F87DC289-C4C5-49A0-825E-71E64743216A}
		{5122811F-460C-41CD-B2C1-F60478B0597E} = {F87DC289-C4C5-49A0-825E-71E64743216A}
		{88209B2B-84F6-4B9A-9804-AA37979B7F20} = {D10473DF-97C6-44F9-8B79-9DD120ED9157}
		{4F46970F-76DE-45EF-882E-DB956907AE9B} = {D10473DF-97C6-44F9-8B79-9DD120ED9157}
		{BE82CEE0-F39C-48C1-A4DB-AABB7CFD1364} = {D10473DF-97C6-44F9-8B79-9DD120ED9157}
	EndGlobalSection
EndGlobal
